
Microsoft Visual Studio Solution File, Format Version 12.00
# Visual Studio Version 16
VisualStudioVersion = 16.0.29009.5
MinimumVisualStudioVersion = 10.0.40219.1
Project("{2150E333-8FDC-42A3-9474-1A3956D46DE8}") = "src", "src", "{AC02FA5A-C58E-4CA4-9952-D38AB5113484}"
EndProject
Project("{9A19103F-16F7-4668-BE54-9A1E7A4F7556}") = "Domain.Infrastructure", "src\Domain.Infrastructure\Domain.Infrastructure.csproj", "{AC73194F-5BD2-4C06-ACE2-C62EDBFFFA2C}"
EndProject
Project("{2150E333-8FDC-42A3-9474-1A3956D46DE8}") = "test", "test", "{0F25E675-F57B-4BB9-B4F5-2A9F9BBDD270}"
EndProject
Project("{9A19103F-16F7-4668-BE54-9A1E7A4F7556}") = "Domain.Infrastructure.Tests", "test\Domain.Infrastructure.Tests\Domain.Infrastructure.Tests.csproj", "{BFCEC624-833F-4E44-8B21-FC0EAF7AEA04}"
EndProject
Project("{2150E333-8FDC-42A3-9474-1A3956D46DE8}") = "Orders", "Orders", "{99781E89-D161-4CCE-A392-476DBFB933F7}"
EndProject
Project("{9A19103F-16F7-4668-BE54-9A1E7A4F7556}") = "Domain.Common", "src\Domain.Common\Domain.Common.csproj", "{B2593AF9-9AA1-44B5-B739-B1D961D9595B}"
EndProject
Project("{9A19103F-16F7-4668-BE54-9A1E7A4F7556}") = "Domain.WebApi", "src\Domain.WebApi\Domain.WebApi.csproj", "{7D1860BD-D5AB-4014-A102-33CBC893032A}"
EndProject
Project("{9A19103F-16F7-4668-BE54-9A1E7A4F7556}") = "Domain.Data", "src\Domain.Data\Domain.Data.csproj", "{07433D90-3DF6-4AAC-A16C-BBDC0A1382E8}"
EndProject
Project("{9A19103F-16F7-4668-BE54-9A1E7A4F7556}") = "Orders.Domain", "src\Orders.Domain\Orders.Domain.csproj", "{4C8B5F1F-ED66-4CB5-B23A-2842ED7FB6E1}"
EndProject
Project("{9A19103F-16F7-4668-BE54-9A1E7A4F7556}") = "Orders.Api", "src\Orders.Api\Orders.Api.csproj", "{697E3173-0B94-472B-A2FC-E230E081B345}"
EndProject
Project("{2150E333-8FDC-42A3-9474-1A3956D46DE8}") = "Inventory", "Inventory", "{71722AFF-2F50-4364-AB6D-F01D85BC9519}"
EndProject
Project("{9A19103F-16F7-4668-BE54-9A1E7A4F7556}") = "Inventory.Api", "src\Inventory.Api\Inventory.Api.csproj", "{DA19EAE3-D5C9-4DFA-BC30-44855D8D6984}"
EndProject
Project("{9A19103F-16F7-4668-BE54-9A1E7A4F7556}") = "Inventory.Domain", "src\Inventory.Domain\Inventory.Domain.csproj", "{DCD38C26-6583-4135-AA6C-59BA47A741F4}"
EndProject
Global
	GlobalSection(SolutionConfigurationPlatforms) = preSolution
		Debug|Any CPU = Debug|Any CPU
		Release|Any CPU = Release|Any CPU
	EndGlobalSection
	GlobalSection(ProjectConfigurationPlatforms) = postSolution
		{AC73194F-5BD2-4C06-ACE2-C62EDBFFFA2C}.Debug|Any CPU.ActiveCfg = Debug|Any CPU
		{AC73194F-5BD2-4C06-ACE2-C62EDBFFFA2C}.Debug|Any CPU.Build.0 = Debug|Any CPU
		{AC73194F-5BD2-4C06-ACE2-C62EDBFFFA2C}.Release|Any CPU.ActiveCfg = Release|Any CPU
		{AC73194F-5BD2-4C06-ACE2-C62EDBFFFA2C}.Release|Any CPU.Build.0 = Release|Any CPU
		{BFCEC624-833F-4E44-8B21-FC0EAF7AEA04}.Debug|Any CPU.ActiveCfg = Debug|Any CPU
		{BFCEC624-833F-4E44-8B21-FC0EAF7AEA04}.Debug|Any CPU.Build.0 = Debug|Any CPU
		{BFCEC624-833F-4E44-8B21-FC0EAF7AEA04}.Release|Any CPU.ActiveCfg = Release|Any CPU
		{BFCEC624-833F-4E44-8B21-FC0EAF7AEA04}.Release|Any CPU.Build.0 = Release|Any CPU
		{B2593AF9-9AA1-44B5-B739-B1D961D9595B}.Debug|Any CPU.ActiveCfg = Debug|Any CPU
		{B2593AF9-9AA1-44B5-B739-B1D961D9595B}.Debug|Any CPU.Build.0 = Debug|Any CPU
		{B2593AF9-9AA1-44B5-B739-B1D961D9595B}.Release|Any CPU.ActiveCfg = Release|Any CPU
		{B2593AF9-9AA1-44B5-B739-B1D961D9595B}.Release|Any CPU.Build.0 = Release|Any CPU
		{7D1860BD-D5AB-4014-A102-33CBC893032A}.Debug|Any CPU.ActiveCfg = Debug|Any CPU
		{7D1860BD-D5AB-4014-A102-33CBC893032A}.Debug|Any CPU.Build.0 = Debug|Any CPU
		{7D1860BD-D5AB-4014-A102-33CBC893032A}.Release|Any CPU.ActiveCfg = Release|Any CPU
		{7D1860BD-D5AB-4014-A102-33CBC893032A}.Release|Any CPU.Build.0 = Release|Any CPU
		{07433D90-3DF6-4AAC-A16C-BBDC0A1382E8}.Debug|Any CPU.ActiveCfg = Debug|Any CPU
		{07433D90-3DF6-4AAC-A16C-BBDC0A1382E8}.Debug|Any CPU.Build.0 = Debug|Any CPU
		{07433D90-3DF6-4AAC-A16C-BBDC0A1382E8}.Release|Any CPU.ActiveCfg = Release|Any CPU
		{07433D90-3DF6-4AAC-A16C-BBDC0A1382E8}.Release|Any CPU.Build.0 = Release|Any CPU
		{4C8B5F1F-ED66-4CB5-B23A-2842ED7FB6E1}.Debug|Any CPU.ActiveCfg = Debug|Any CPU
		{4C8B5F1F-ED66-4CB5-B23A-2842ED7FB6E1}.Debug|Any CPU.Build.0 = Debug|Any CPU
		{4C8B5F1F-ED66-4CB5-B23A-2842ED7FB6E1}.Release|Any CPU.ActiveCfg = Release|Any CPU
		{4C8B5F1F-ED66-4CB5-B23A-2842ED7FB6E1}.Release|Any CPU.Build.0 = Release|Any CPU
		{697E3173-0B94-472B-A2FC-E230E081B345}.Debug|Any CPU.ActiveCfg = Debug|Any CPU
		{697E3173-0B94-472B-A2FC-E230E081B345}.Debug|Any CPU.Build.0 = Debug|Any CPU
		{697E3173-0B94-472B-A2FC-E230E081B345}.Release|Any CPU.ActiveCfg = Release|Any CPU
		{697E3173-0B94-472B-A2FC-E230E081B345}.Release|Any CPU.Build.0 = Release|Any CPU
		{DA19EAE3-D5C9-4DFA-BC30-44855D8D6984}.Debug|Any CPU.ActiveCfg = Debug|Any CPU
		{DA19EAE3-D5C9-4DFA-BC30-44855D8D6984}.Debug|Any CPU.Build.0 = Debug|Any CPU
		{DA19EAE3-D5C9-4DFA-BC30-44855D8D6984}.Release|Any CPU.ActiveCfg = Release|Any CPU
		{DA19EAE3-D5C9-4DFA-BC30-44855D8D6984}.Release|Any CPU.Build.0 = Release|Any CPU
		{DCD38C26-6583-4135-AA6C-59BA47A741F4}.Debug|Any CPU.ActiveCfg = Debug|Any CPU
		{DCD38C26-6583-4135-AA6C-59BA47A741F4}.Debug|Any CPU.Build.0 = Debug|Any CPU
		{DCD38C26-6583-4135-AA6C-59BA47A741F4}.Release|Any CPU.ActiveCfg = Release|Any CPU
		{DCD38C26-6583-4135-AA6C-59BA47A741F4}.Release|Any CPU.Build.0 = Release|Any CPU
	EndGlobalSection
	GlobalSection(SolutionProperties) = preSolution
		HideSolutionNode = FALSE
	EndGlobalSection
	GlobalSection(NestedProjects) = preSolution
		{AC73194F-5BD2-4C06-ACE2-C62EDBFFFA2C} = {AC02FA5A-C58E-4CA4-9952-D38AB5113484}
		{BFCEC624-833F-4E44-8B21-FC0EAF7AEA04} = {0F25E675-F57B-4BB9-B4F5-2A9F9BBDD270}
		{99781E89-D161-4CCE-A392-476DBFB933F7} = {AC02FA5A-C58E-4CA4-9952-D38AB5113484}
		{B2593AF9-9AA1-44B5-B739-B1D961D9595B} = {AC02FA5A-C58E-4CA4-9952-D38AB5113484}
		{7D1860BD-D5AB-4014-A102-33CBC893032A} = {AC02FA5A-C58E-4CA4-9952-D38AB5113484}
		{07433D90-3DF6-4AAC-A16C-BBDC0A1382E8} = {AC02FA5A-C58E-4CA4-9952-D38AB5113484}
		{4C8B5F1F-ED66-4CB5-B23A-2842ED7FB6E1} = {99781E89-D161-4CCE-A392-476DBFB933F7}
		{697E3173-0B94-472B-A2FC-E230E081B345} = {99781E89-D161-4CCE-A392-476DBFB933F7}
		{71722AFF-2F50-4364-AB6D-F01D85BC9519} = {AC02FA5A-C58E-4CA4-9952-D38AB5113484}
		{DA19EAE3-D5C9-4DFA-BC30-44855D8D6984} = {71722AFF-2F50-4364-AB6D-F01D85BC9519}
		{DCD38C26-6583-4135-AA6C-59BA47A741F4} = {71722AFF-2F50-4364-AB6D-F01D85BC9519}
	EndGlobalSection
	GlobalSection(ExtensibilityGlobals) = postSolution
		SolutionGuid = {8E7B70F2-91F4-4253-9148-AAE78B3DD5F0}
	EndGlobalSection
EndGlobal
